
Microsoft Visual Studio Solution File, Format Version 12.00
# Visual Studio Version 16
VisualStudioVersion = 16.0.29519.181
MinimumVisualStudioVersion = 10.0.40219.1
Project("{FAE04EC0-301F-11D3-BF4B-00C04F79EFBC}") = "Dialogflow", "DialogFlowAPI\Dialogflow\Dialogflow.csproj", "{1DB87EEE-55DB-43AF-98CC-2AA58A1FAC5B}"
EndProject
Global
	GlobalSection(SolutionConfigurationPlatforms) = preSolution
		Debug|Any CPU = Debug|Any CPU
		Release|Any CPU = Release|Any CPU
	EndGlobalSection
	GlobalSection(ProjectConfigurationPlatforms) = postSolution
		{1DB87EEE-55DB-43AF-98CC-2AA58A1FAC5B}.Debug|Any CPU.ActiveCfg = Debug|Any CPU
		{1DB87EEE-55DB-43AF-98CC-2AA58A1FAC5B}.Debug|Any CPU.Build.0 = Debug|Any CPU
		{1DB87EEE-55DB-43AF-98CC-2AA58A1FAC5B}.Release|Any CPU.ActiveCfg = Release|Any CPU
		{1DB87EEE-55DB-43AF-98CC-2AA58A1FAC5B}.Release|Any CPU.Build.0 = Release|Any CPU
	EndGlobalSection
	GlobalSection(SolutionProperties) = preSolution
		HideSolutionNode = FALSE
	EndGlobalSection
	GlobalSection(ExtensibilityGlobals) = postSolution
		SolutionGuid = {BA2F2658-C3B1-41D9-A3F9-0806D089CF72}
	EndGlobalSection
EndGlobal
